
Microsoft Visual Studio Solution File, Format Version 12.00
# Visual Studio 15
VisualStudioVersion = 15.0.28307.1340
MinimumVisualStudioVersion = 10.0.40219.1
Project("{FAE04EC0-301F-11D3-BF4B-00C04F79EFBC}") = "Snake_A_Classic", "Snake_A_Classic\Snake_A_Classic.csproj", "{C55D38E1-913D-4D18-A6B8-E8740267A195}"
EndProject
Global
	GlobalSection(SolutionConfigurationPlatforms) = preSolution
		Debug|Any CPU = Debug|Any CPU
		Release|Any CPU = Release|Any CPU
	EndGlobalSection
	GlobalSection(ProjectConfigurationPlatforms) = postSolution
		{C55D38E1-913D-4D18-A6B8-E8740267A195}.Debug|Any CPU.ActiveCfg = Debug|Any CPU
		{C55D38E1-913D-4D18-A6B8-E8740267A195}.Debug|Any CPU.Build.0 = Debug|Any CPU
		{C55D38E1-913D-4D18-A6B8-E8740267A195}.Release|Any CPU.ActiveCfg = Release|Any CPU
		{C55D38E1-913D-4D18-A6B8-E8740267A195}.Release|Any CPU.Build.0 = Release|Any CPU
	EndGlobalSection
	GlobalSection(SolutionProperties) = preSolution
		HideSolutionNode = FALSE
	EndGlobalSection
	GlobalSection(ExtensibilityGlobals) = postSolution
		SolutionGuid = {5B63E86E-2FFD-4310-914E-D9C4B64CD839}
	EndGlobalSection
EndGlobal
